{
  "name": "rust_terminal_colors",
  "lockfileVersion": 3,
  "requires": true,
  "packages": {
    "": {
      "dependencies": {
        "colorize-template": "^1.0.0"
      }
    },
    "node_modules/colorize-template": {
      "version": "1.0.0",
      "resolved": "https://registry.npmjs.org/colorize-template/-/colorize-template-1.0.0.tgz",
      "integrity": "sha512-beJ9v9RjpbYZ8OdwJgIRZD3YUkZPXmi1MK+yX0J24UupKVHa9yk0jiARgt2i6MBX6AKjYA0SNsBn65bUPuVQiw=="
    }
  }
}
